lockfileVersion: '9.0'

settings:
  autoInstallPeers: true
  excludeLinksFromLockfile: false

importers:

  .:
    devDependencies:
      '@maplibre/maplibre-gl-style-spec':
        specifier: ^24.8.5
        version: 24.8.5

packages:

  '@mapbox/jsonlint-lines-primitives@2.0.2':
    resolution: {integrity: sha512-rY0o9A5ECsTQRVhv7tL/OyDpGAoUB4tTvLiW1DSzQGq4bvTPhNw1VpSNjDJc5GFZ2XuyOtSWSVN05qOtcD71qQ==}
    engines: {node: '>= 0.6'}

  '@mapbox/unitbezier@0.0.1':
    resolution: {integrity: sha512-nMkuDXFv60aBr9soUG5q+GvZYL+2KZHVvsqFCzqnkGEf46U2fvmytHaEVc1/YZbiLn8X+eR3QzX1+dwDO1lxlw==}

  '@maplibre/maplibre-gl-style-spec@24.8.5':
    resolution: {integrity: sha512-EzEJmMt6thioRH7GI9LWS7ahXTcAhAPGWCe6oTP2Ps4YnsXOOAfeqx854lZaiDnwURfHmcCKV1mr6oo0i23x6w==}
    hasBin: true

  json-stringify-pretty-compact@4.0.0:
    resolution: {integrity: sha512-3CNZ2DnrpByG9Nqj6Xo8vqbjT4F6N+tb4Gb28ESAZjYZ5yqvmc56J+/kuIwkaAMOyblTQhUW7PxMkUb8Q36N3Q==}

  minimist@1.2.8:
    resolution: {integrity: sha512-2yyAR8qBkN3YuheJanUpWC5U3bb5osDywNB8RzDVlDwDHbocAJveqqj1u8+SVD7jkWT4yvsHCpWqqWqAxb0zCA==}

  quickselect@3.0.0:
    resolution: {integrity: sha512-XdjUArbK4Bm5fLLvlm5KpTFOiOThgfWWI4axAZDWg4E/0mKdZyI9tNEfds27qCi1ze/vwTR16kvmmGhRra3c2g==}

  tinyqueue@3.0.0:
    resolution: {integrity: sha512-gRa9gwYU3ECmQYv3lslts5hxuIa90veaEcxDYuu3QGOIAEM2mOZkVHp48ANJuu1CURtRdHKUBY5Lm1tHV+sD4g==}

snapshots:

  '@mapbox/jsonlint-lines-primitives@2.0.2': {}

  '@mapbox/unitbezier@0.0.1': {}

  '@maplibre/maplibre-gl-style-spec@24.8.5':
    dependencies:
      '@mapbox/jsonlint-lines-primitives': 2.0.2
      '@mapbox/unitbezier': 0.0.1
      json-stringify-pretty-compact: 4.0.0
      minimist: 1.2.8
      quickselect: 3.0.0
      tinyqueue: 3.0.0

  json-stringify-pretty-compact@4.0.0: {}

  minimist@1.2.8: {}

  quickselect@3.0.0: {}

  tinyqueue@3.0.0: {}
